// !$*UTF8*$!
{
	archiveVersion = 1;
	classes = {
	};
	objectVersion = 56;
	objects = {

/* Begin PBXBuildFile section */
		AA61F9C029BA053B006CD8C5 /* Stateful.swift in Sources */ = {isa = PBXBuildFile; fileRef = AA61F9BF29BA053B006CD8C5 /* Stateful.swift */; };
		AAAE233329B3144C0027C10D /* GithubClientApp.swift in Sources */ = {isa = PBXBuildFile; fileRef = AAAE233229B3144C0027C10D /* GithubClientApp.swift */; };
		AAAE233529B3144C0027C10D /* RepoListView.swift in Sources */ = {isa = PBXBuildFile; fileRef = AAAE233429B3144C0027C10D /* RepoListView.swift */; };
		AAAE233729B3144E0027C10D /* Assets.xcassets in Resources */ = {isa = PBXBuildFile; fileRef = AAAE233629B3144E0027C10D /* Assets.xcassets */; };
		AAAE233A29B3144E0027C10D /* Preview Assets.xcassets in Resources */ = {isa = PBXBuildFile; fileRef = AAAE233929B3144E0027C10D /* Preview Assets.xcassets */; };
		AAAE234129B319370027C10D /* Repo.swift in Sources */ = {isa = PBXBuildFile; fileRef = AAAE234029B319370027C10D /* Repo.swift */; };
		AAAE234329B319430027C10D /* User.swift in Sources */ = {isa = PBXBuildFile; fileRef = AAAE234229B319430027C10D /* User.swift */; };
		AAAE234629B31D230027C10D /* RepoRow.swift in Sources */ = {isa = PBXBuildFile; fileRef = AAAE234529B31D230027C10D /* RepoRow.swift */; };
		AAAE234B29B31F5F0027C10D /* RepoDetailView.swift in Sources */ = {isa = PBXBuildFile; fileRef = AAAE234A29B31F5F0027C10D /* RepoDetailView.swift */; };
		AAAE234D29B3210F0027C10D /* Repo+mock.swift in Sources */ = {isa = PBXBuildFile; fileRef = AAAE234C29B3210F0027C10D /* Repo+mock.swift */; };
		AAAE234F29B3211E0027C10D /* User+mock.swift in Sources */ = {isa = PBXBuildFile; fileRef = AAAE234E29B3211E0027C10D /* User+mock.swift */; };
/* End PBXBuildFile section */

/* Begin PBXFileReference section */
		AA61F9BF29BA053B006CD8C5 /* Stateful.swift */ = {isa = PBXFileReference; lastKnownFileType = sourcecode.swift; path = Stateful.swift; sourceTree = "<group>"; };
		AAAE232F29B3144C0027C10D /* GithubClient.app */ = {isa = PBXFileReference; explicitFileType = wrapper.application; includeInIndex = 0; path = GithubClient.app; sourceTree = BUILT_PRODUCTS_DIR; };
		AAAE233229B3144C0027C10D /* GithubClientApp.swift */ = {isa = PBXFileReference; lastKnownFileType = sourcecode.swift; path = GithubClientApp.swift; sourceTree = "<group>"; };
		AAAE233429B3144C0027C10D /* RepoListView.swift */ = {isa = PBXFileReference; lastKnownFileType = sourcecode.swift; path = RepoListView.swift; sourceTree = "<group>"; };
		AAAE233629B3144E0027C10D /* Assets.xcassets */ = {isa = PBXFileReference; lastKnownFileType = folder.assetcatalog; path = Assets.xcassets; sourceTree = "<group>"; };
		AAAE233929B3144E0027C10D /* Preview Assets.xcassets */ = {isa = PBXFileReference; lastKnownFileType = folder.assetcatalog; path = "Preview Assets.xcassets"; sourceTree = "<group>"; };
		AAAE234029B319370027C10D /* Repo.swift */ = {isa = PBXFileReference; lastKnownFileType = sourcecode.swift; path = Repo.swift; sourceTree = "<group>"; };
		AAAE234229B319430027C10D /* User.swift */ = {isa = PBXFileReference; lastKnownFileType = sourcecode.swift; path = User.swift; sourceTree = "<group>"; };
		AAAE234529B31D230027C10D /* RepoRow.swift */ = {isa = PBXFileReference; lastKnownFileType = sourcecode.swift; path = RepoRow.swift; sourceTree = "<group>"; };
		AAAE234A29B31F5F0027C10D /* RepoDetailView.swift */ = {isa = PBXFileReference; lastKnownFileType = sourcecode.swift; path = RepoDetailView.swift; sourceTree = "<group>"; };
		AAAE234C29B3210F0027C10D /* Repo+mock.swift */ = {isa = PBXFileReference; lastKnownFileType = sourcecode.swift; path = "Repo+mock.swift"; sourceTree = "<group>"; };
		AAAE234E29B3211E0027C10D /* User+mock.swift */ = {isa = PBXFileReference; lastKnownFileType = sourcecode.swift; path = "User+mock.swift"; sourceTree = "<group>"; };
/* End PBXFileReference section */

/* Begin PBXFrameworksBuildPhase section */
		AAAE232C29B3144C0027C10D /* Frameworks */ = {
			isa = PBXFrameworksBuildPhase;
			buildActionMask = 2147483647;
			files = (
			);
			runOnlyForDeploymentPostprocessing = 0;
		};
/* End PBXFrameworksBuildPhase section */

/* Begin PBXGroup section */
		AA61F9BE29BA051F006CD8C5 /* Utilities */ = {
			isa = PBXGroup;
			children = (
				AA61F9BF29BA053B006CD8C5 /* Stateful.swift */,
			);
			path = Utilities;
			sourceTree = "<group>";
		};
		AAAE232629B3144C0027C10D = {
			isa = PBXGroup;
			children = (
				AAAE233129B3144C0027C10D /* GithubClient */,
				AAAE233029B3144C0027C10D /* Products */,
			);
			sourceTree = "<group>";
		};
		AAAE233029B3144C0027C10D /* Products */ = {
			isa = PBXGroup;
			children = (
				AAAE232F29B3144C0027C10D /* GithubClient.app */,
			);
			name = Products;
			sourceTree = "<group>";
		};
		AAAE233129B3144C0027C10D /* GithubClient */ = {
			isa = PBXGroup;
			children = (
				AA61F9BE29BA051F006CD8C5 /* Utilities */,
				AAAE234929B31E9E0027C10D /* Views */,
				AAAE233229B3144C0027C10D /* GithubClientApp.swift */,
				AAAE234429B319530027C10D /* Models */,
				AAAE233629B3144E0027C10D /* Assets.xcassets */,
				AAAE233829B3144E0027C10D /* Preview Content */,
			);
			path = GithubClient;
			sourceTree = "<group>";
		};
		AAAE233829B3144E0027C10D /* Preview Content */ = {
			isa = PBXGroup;
			children = (
				AAAE233929B3144E0027C10D /* Preview Assets.xcassets */,
				AAAE235029B321240027C10D /* Mocks */,
			);
			path = "Preview Content";
			sourceTree = "<group>";
		};
		AAAE234429B319530027C10D /* Models */ = {
			isa = PBXGroup;
			children = (
				AAAE234029B319370027C10D /* Repo.swift */,
				AAAE234229B319430027C10D /* User.swift */,
			);
			path = Models;
			sourceTree = "<group>";
		};
		AAAE234929B31E9E0027C10D /* Views */ = {
			isa = PBXGroup;
			children = (
				AAAE234529B31D230027C10D /* RepoRow.swift */,
				AAAE233429B3144C0027C10D /* RepoListView.swift */,
				AAAE234A29B31F5F0027C10D /* RepoDetailView.swift */,
			);
			path = Views;
			sourceTree = "<group>";
		};
		AAAE235029B321240027C10D /* Mocks */ = {
			isa = PBXGroup;
			children = (
				AAAE234C29B3210F0027C10D /* Repo+mock.swift */,
				AAAE234E29B3211E0027C10D /* User+mock.swift */,
			);
			path = Mocks;
			sourceTree = "<group>";
		};
/* End PBXGroup section */

/* Begin PBXNativeTarget section */
		AAAE232E29B3144C0027C10D /* GithubClient */ = {
			isa = PBXNativeTarget;
			buildConfigurationList = AAAE233D29B3144E0027C10D /* Build configuration list for PBXNativeTarget "GithubClient" */;
			buildPhases = (
				AAAE232B29B3144C0027C10D /* Sources */,
				AAAE232C29B3144C0027C10D /* Frameworks */,
				AAAE232D29B3144C0027C10D /* Resources */,
			);
			buildRules = (
			);
			dependencies = (
			);
			name = GithubClient;
			productName = GithubClient;
			productReference = AAAE232F29B3144C0027C10D /* GithubClient.app */;
			productType = "com.apple.product-type.application";
		};
/* End PBXNativeTarget section */

/* Begin PBXProject section */
		AAAE232729B3144C0027C10D /* Project object */ = {
			isa = PBXProject;
			attributes = {
				BuildIndependentTargetsInParallel = 1;
				LastSwiftUpdateCheck = 1420;
				LastUpgradeCheck = 1420;
				TargetAttributes = {
					AAAE232E29B3144C0027C10D = {
						CreatedOnToolsVersion = 14.2;
					};
				};
			};
			buildConfigurationList = AAAE232A29B3144C0027C10D /* Build configuration list for PBXProject "GithubClient" */;
			compatibilityVersion = "Xcode 14.0";
			developmentRegion = en;
			hasScannedForEncodings = 0;
			knownRegions = (
				en,
				Base,
			);
			mainGroup = AAAE232629B3144C0027C10D;
			productRefGroup = AAAE233029B3144C0027C10D /* Products */;
			projectDirPath = "";
			projectRoot = "";
			targets = (
				AAAE232E29B3144C0027C10D /* GithubClient */,
			);
		};
/* End PBXProject section */

/* Begin PBXResourcesBuildPhase section */
		AAAE232D29B3144C0027C10D /* Resources */ = {
			isa = PBXResourcesBuildPhase;
			buildActionMask = 2147483647;
			files = (
				AAAE233A29B3144E0027C10D /* Preview Assets.xcassets in Resources */,
				AAAE233729B3144E0027C10D /* Assets.xcassets in Resources */,
			);
			runOnlyForDeploymentPostprocessing = 0;
		};
/* End PBXResourcesBuildPhase section */

/* Begin PBXSourcesBuildPhase section */
		AAAE232B29B3144C0027C10D /* Sources */ = {
			isa = PBXSourcesBuildPhase;
			buildActionMask = 2147483647;
			files = (
				AAAE234629B31D230027C10D /* RepoRow.swift in Sources */,
				AAAE234D29B3210F0027C10D /* Repo+mock.swift in Sources */,
				AAAE234329B319430027C10D /* User.swift in Sources */,
				AAAE234129B319370027C10D /* Repo.swift in Sources */,
				AAAE234B29B31F5F0027C10D /* RepoDetailView.swift in Sources */,
				AAAE233529B3144C0027C10D /* RepoListView.swift in Sources */,
				AAAE234F29B3211E0027C10D /* User+mock.swift in Sources */,
				AAAE233329B3144C0027C10D /* GithubClientApp.swift in Sources */,
				AA61F9C029BA053B006CD8C5 /* Stateful.swift in Sources */,
			);
			runOnlyForDeploymentPostprocessing = 0;
		};
/* End PBXSourcesBuildPhase section */

/* Begin XCBuildConfiguration section */
		AAAE233B29B3144E0027C10D /* Debug */ = {
			isa = XCBuildConfiguration;
			buildSettings = {
				ALWAYS_SEARCH_USER_PATHS = NO;
				CLANG_ANALYZER_NONNULL = YES;
				CLANG_ANALYZER_NUMBER_OBJECT_CONVERSION = YES_AGGRESSIVE;
				CLANG_CXX_LANGUAGE_STANDARD = "gnu++20";
				CLANG_ENABLE_MODULES = YES;
				CLANG_ENABLE_OBJC_ARC = YES;
				CLANG_ENABLE_OBJC_WEAK = YES;
				CLANG_WARN_BLOCK_CAPTURE_AUTORELEASING = YES;
				CLANG_WARN_BOOL_CONVERSION = YES;
				CLANG_WARN_COMMA = YES;
				CLANG_WARN_CONSTANT_CONVERSION = YES;
				CLANG_WARN_DEPRECATED_OBJC_IMPLEMENTATIONS = YES;
				CLANG_WARN_DIRECT_OBJC_ISA_USAGE = YES_ERROR;
				CLANG_WARN_DOCUMENTATION_COMMENTS = YES;
				CLANG_WARN_EMPTY_BODY = YES;
				CLANG_WARN_ENUM_CONVERSION = YES;
				CLANG_WARN_INFINITE_RECURSION = YES;
				CLANG_WARN_INT_CONVERSION = YES;
				CLANG_WARN_NON_LITERAL_NULL_CONVERSION = YES;
				CLANG_WARN_OBJC_IMPLICIT_RETAIN_SELF = YES;
				CLANG_WARN_OBJC_LITERAL_CONVERSION = YES;
				CLANG_WARN_OBJC_ROOT_CLASS = YES_ERROR;
				CLANG_WARN_QUOTED_INCLUDE_IN_FRAMEWORK_HEADER = YES;
				CLANG_WARN_RANGE_LOOP_ANALYSIS = YES;
				CLANG_WARN_STRICT_PROTOTYPES = YES;
				CLANG_WARN_SUSPICIOUS_MOVE = YES;
				CLANG_WARN_UNGUARDED_AVAILABILITY = YES_AGGRESSIVE;
				CLANG_WARN_UNREACHABLE_CODE = YES;
				CLANG_WARN__DUPLICATE_METHOD_MATCH = YES;
				COPY_PHASE_STRIP = NO;
				DEBUG_INFORMATION_FORMAT = dwarf;
				ENABLE_STRICT_OBJC_MSGSEND = YES;
				ENABLE_TESTABILITY = YES;
				GCC_C_LANGUAGE_STANDARD = gnu11;
				GCC_DYNAMIC_NO_PIC = NO;
				GCC_NO_COMMON_BLOCKS = YES;
				GCC_OPTIMIZATION_LEVEL = 0;
				GCC_PREPROCESSOR_DEFINITIONS = (
					"DEBUG=1",
					"$(inherited)",
				);
				GCC_WARN_64_TO_32_BIT_CONVERSION = YES;
				GCC_WARN_ABOUT_RETURN_TYPE = YES_ERROR;
				GCC_WARN_UNDECLARED_SELECTOR = YES;
				GCC_WARN_UNINITIALIZED_AUTOS = YES_AGGRESSIVE;
				GCC_WARN_UNUSED_FUNCTION = YES;
				GCC_WARN_UNUSED_VARIABLE = YES;
				IPHONEOS_DEPLOYMENT_TARGET = 16.2;
				MTL_ENABLE_DEBUG_INFO = INCLUDE_SOURCE;
				MTL_FAST_MATH = YES;
				ONLY_ACTIVE_ARCH = YES;
				SDKROOT = iphoneos;
				SWIFT_ACTIVE_COMPILATION_CONDITIONS = DEBUG;
				SWIFT_OPTIMIZATION_LEVEL = "-Onone";
			};
			name = Debug;
		};
		AAAE233C29B3144E0027C10D /* Release */ = {
			isa = XCBuildConfiguration;
			buildSettings = {
				ALWAYS_SEARCH_USER_PATHS = NO;
				CLANG_ANALYZER_NONNULL = YES;
				CLANG_ANALYZER_NUMBER_OBJECT_CONVERSION = YES_AGGRESSIVE;
				CLANG_CXX_LANGUAGE_STANDARD = "gnu++20";
				CLANG_ENABLE_MODULES = YES;
				CLANG_ENABLE_OBJC_ARC = YES;
				CLANG_ENABLE_OBJC_WEAK = YES;
				CLANG_WARN_BLOCK_CAPTURE_AUTORELEASING = YES;
				CLANG_WARN_BOOL_CONVERSION = YES;
				CLANG_WARN_COMMA = YES;
				CLANG_WARN_CONSTANT_CONVERSION = YES;
				CLANG_WARN_DEPRECATED_OBJC_IMPLEMENTATIONS = YES;
				CLANG_WARN_DIRECT_OBJC_ISA_USAGE = YES_ERROR;
				CLANG_WARN_DOCUMENTATION_COMMENTS = YES;
				CLANG_WARN_EMPTY_BODY = YES;
				CLANG_WARN_ENUM_CONVERSION = YES;
				CLANG_WARN_INFINITE_RECURSION = YES;
				CLANG_WARN_INT_CONVERSION = YES;
				CLANG_WARN_NON_LITERAL_NULL_CONVERSION = YES;
				CLANG_WARN_OBJC_IMPLICIT_RETAIN_SELF = YES;
				CLANG_WARN_OBJC_LITERAL_CONVERSION = YES;
				CLANG_WARN_OBJC_ROOT_CLASS = YES_ERROR;
				CLANG_WARN_QUOTED_INCLUDE_IN_FRAMEWORK_HEADER = YES;
				CLANG_WARN_RANGE_LOOP_ANALYSIS = YES;
				CLANG_WARN_STRICT_PROTOTYPES = YES;
				CLANG_WARN_SUSPICIOUS_MOVE = YES;
				CLANG_WARN_UNGUARDED_AVAILABILITY = YES_AGGRESSIVE;
				CLANG_WARN_UNREACHABLE_CODE = YES;
				CLANG_WARN__DUPLICATE_METHOD_MATCH = YES;
				COPY_PHASE_STRIP = NO;
				DEBUG_INFORMATION_FORMAT = "dwarf-with-dsym";
				ENABLE_NS_ASSERTIONS = NO;
				ENABLE_STRICT_OBJC_MSGSEND = YES;
				GCC_C_LANGUAGE_STANDARD = gnu11;
				GCC_NO_COMMON_BLOCKS = YES;
				GCC_WARN_64_TO_32_BIT_CONVERSION = YES;
				GCC_WARN_ABOUT_RETURN_TYPE = YES_ERROR;
				GCC_WARN_UNDECLARED_SELECTOR = YES;
				GCC_WARN_UNINITIALIZED_AUTOS = YES_AGGRESSIVE;
				GCC_WARN_UNUSED_FUNCTION = YES;
				GCC_WARN_UNUSED_VARIABLE = YES;
				IPHONEOS_DEPLOYMENT_TARGET = 16.2;
				MTL_ENABLE_DEBUG_INFO = NO;
				MTL_FAST_MATH = YES;
				SDKROOT = iphoneos;
				SWIFT_COMPILATION_MODE = wholemodule;
				SWIFT_OPTIMIZATION_LEVEL = "-O";
				VALIDATE_PRODUCT = YES;
			};
			name = Release;
		};
		AAAE233E29B3144E0027C10D /* Debug */ = {
			isa = XCBuildConfiguration;
			buildSettings = {
				ASSETCATALOG_COMPILER_APPICON_NAME = AppIcon;
				ASSETCATALOG_COMPILER_GLOBAL_ACCENT_COLOR_NAME = AccentColor;
				CODE_SIGN_STYLE = Automatic;
				CURRENT_PROJECT_VERSION = 1;
				DEVELOPMENT_ASSET_PATHS = "\"GithubClient/Preview Content\"";
				ENABLE_PREVIEWS = YES;
				GENERATE_INFOPLIST_FILE = YES;
				INFOPLIST_KEY_UIApplicationSceneManifest_Generation = YES;
				INFOPLIST_KEY_UIApplicationSupportsIndirectInputEvents = YES;
				INFOPLIST_KEY_UILaunchScreen_Generation = YES;
				INFOPLIST_KEY_UISupportedInterfaceOrientations_iPad = "UIInterfaceOrientationPortrait UIInterfaceOrientationPortraitUpsideDown UIInterfaceOrientationLandscapeLeft UIInterfaceOrientationLandscapeRight";
				INFOPLIST_KEY_UISupportedInterfaceOrientations_iPhone = "UIInterfaceOrientationPortrait UIInterfaceOrientationLandscapeLeft UIInterfaceOrientationLandscapeRight";
				LD_RUNPATH_SEARCH_PATHS = (
					"$(inherited)",
					"@executable_path/Frameworks",
				);
				MARKETING_VERSION = 1.0;
				PRODUCT_BUNDLE_IDENTIFIER = com.umas.GithubClient;
				PRODUCT_NAME = "$(TARGET_NAME)";
				SWIFT_EMIT_LOC_STRINGS = YES;
				SWIFT_VERSION = 5.0;
				TARGETED_DEVICE_FAMILY = "1,2";
			};
			name = Debug;
		};
		AAAE233F29B3144E0027C10D /* Release */ = {
			isa = XCBuildConfiguration;
			buildSettings = {
				ASSETCATALOG_COMPILER_APPICON_NAME = AppIcon;
				ASSETCATALOG_COMPILER_GLOBAL_ACCENT_COLOR_NAME = AccentColor;
				CODE_SIGN_STYLE = Automatic;
				CURRENT_PROJECT_VERSION = 1;
				DEVELOPMENT_ASSET_PATHS = "\"GithubClient/Preview Content\"";
				ENABLE_PREVIEWS = YES;
				GENERATE_INFOPLIST_FILE = YES;
				INFOPLIST_KEY_UIApplicationSceneManifest_Generation = YES;
				INFOPLIST_KEY_UIApplicationSupportsIndirectInputEvents = YES;
				INFOPLIST_KEY_UILaunchScreen_Generation = YES;
				INFOPLIST_KEY_UISupportedInterfaceOrientations_iPad = "UIInterfaceOrientationPortrait UIInterfaceOrientationPortraitUpsideDown UIInterfaceOrientationLandscapeLeft UIInterfaceOrientationLandscapeRight";
				INFOPLIST_KEY_UISupportedInterfaceOrientations_iPhone = "UIInterfaceOrientationPortrait UIInterfaceOrientationLandscapeLeft UIInterfaceOrientationLandscapeRight";
				LD_RUNPATH_SEARCH_PATHS = (
					"$(inherited)",
					"@executable_path/Frameworks",
				);
				MARKETING_VERSION = 1.0;
				PRODUCT_BUNDLE_IDENTIFIER = com.umas.GithubClient;
				PRODUCT_NAME = "$(TARGET_NAME)";
				SWIFT_EMIT_LOC_STRINGS = YES;
				SWIFT_VERSION = 5.0;
				TARGETED_DEVICE_FAMILY = "1,2";
			};
			name = Release;
		};
/* End XCBuildConfiguration section */

/* Begin XCConfigurationList section */
		AAAE232A29B3144C0027C10D /* Build configuration list for PBXProject "GithubClient" */ = {
			isa = XCConfigurationList;
			buildConfigurations = (
				AAAE233B29B3144E0027C10D /* Debug */,
				AAAE233C29B3144E0027C10D /* Release */,
			);
			defaultConfigurationIsVisible = 0;
			defaultConfigurationName = Release;
		};
		AAAE233D29B3144E0027C10D /* Build configuration list for PBXNativeTarget "GithubClient" */ = {
			isa = XCConfigurationList;
			buildConfigurations = (
				AAAE233E29B3144E0027C10D /* Debug */,
				AAAE233F29B3144E0027C10D /* Release */,
			);
			defaultConfigurationIsVisible = 0;
			defaultConfigurationName = Release;
		};
/* End XCConfigurationList section */
	};
	rootObject = AAAE232729B3144C0027C10D /* Project object */;
}
